{
  "lockfile_version": "1",
  "packages": {
    "github:NixOS/nixpkgs/nixpkgs-unstable": {
      "last_modified": "2026-01-02T14:39:32Z",
      "resolved": "github:NixOS/nixpkgs/16c7794d0a28b5a37904d55bcca36003b9109aaa?lastModified=1767364772&narHash=sha256-fFUnEYMla8b7UKjijLnMe%2BoVFOz6HjijGGNS1l7dYaQ%3D"
    },
    "zig@0.15.2": {
      "last_modified": "2025-12-31T03:27:36Z",
      "resolved": "github:NixOS/nixpkgs/f665af0cdb70ed27e1bd8f9fdfecaf451260fc55#zig",
      "source": "devbox-search",
      "version": "0.15.2",
      "systems": {
        "aarch64-darwin": {
          "outputs": [
            {
              "name": "out",
              "path": "/nix/store/25brjshr934nir8lqc4ln8dkkamfh47c-zig-0.15.2",
              "default": true
            },
            {
              "name": "doc",
              "path": "/nix/store/9b8glc1ai9ngsap9rijbhwza06q8p31b-zig-0.15.2-doc"
            }
          ],
          "store_path": "/nix/store/25brjshr934nir8lqc4ln8dkkamfh47c-zig-0.15.2"
        },
        "aarch64-linux": {
          "outputs": [
            {
              "name": "out",
              "path": "/nix/store/xm69ln5lm3vgdws6n03zb12v8b7ljf07-zig-0.15.2",
              "default": true
            },
            {
              "name": "doc",
              "path": "/nix/store/g18kxrlss8c1l4n2mlq9yxma5bcfmgxk-zig-0.15.2-doc"
            }
          ],
          "store_path": "/nix/store/xm69ln5lm3vgdws6n03zb12v8b7ljf07-zig-0.15.2"
        },
        "x86_64-darwin": {
          "outputs": [
            {
              "name": "out",
              "path": "/nix/store/f93gbwjzmh91qky6rl0claa93n6szm0c-zig-0.15.2",
              "default": true
            },
            {
              "name": "doc",
              "path": "/nix/store/irfn2j7gz3i3iymfb7lljmaz2m9i17qk-zig-0.15.2-doc"
            }
          ],
          "store_path": "/nix/store/f93gbwjzmh91qky6rl0claa93n6szm0c-zig-0.15.2"
        },
        "x86_64-linux": {
          "outputs": [
            {
              "name": "out",
              "path": "/nix/store/jkfs8578bsdnaa0fm82k52kbm1j54i42-zig-0.15.2",
              "default": true
            },
            {
              "name": "doc",
              "path": "/nix/store/glwa8xiavmhng8b08faijwa3971ld3aa-zig-0.15.2-doc"
            }
          ],
          "store_path": "/nix/store/jkfs8578bsdnaa0fm82k52kbm1j54i42-zig-0.15.2"
        }
      }
    }
  }
}
