{
  "lockfile_version": "1",
  "packages": {
    "github:NixOS/nixpkgs/nixpkgs-unstable": {
      "last_modified": "2026-01-02T14:39:32Z",
      "resolved": "github:NixOS/nixpkgs/16c7794d0a28b5a37904d55bcca36003b9109aaa?lastModified=1767364772&narHash=sha256-fFUnEYMla8b7UKjijLnMe%2BoVFOz6HjijGGNS1l7dYaQ%3D"
    },
    "just@latest": {
      "last_modified": "2026-04-06T08:39:25Z",
      "resolved": "github:NixOS/nixpkgs/83e29f2b8791f6dec20804382fcd9a666d744c07#just",
      "source": "devbox-search",
      "version": "1.49.0",
      "systems": {
        "aarch64-darwin": {
          "outputs": [
            {
              "name": "out",
              "path": "/nix/store/3ppl78czibxlxv105jf0rr64j577pr4m-just-1.49.0",
              "default": true
            },
            {
              "name": "man",
              "path": "/nix/store/ak601qc8jlqgry365b2qkxf6bwf9prk2-just-1.49.0-man",
              "default": true
            },
            {
              "name": "doc",
              "path": "/nix/store/85nkcgs1npazz9vv5py7fsmsd0pwi4fq-just-1.49.0-doc"
            }
          ],
          "store_path": "/nix/store/3ppl78czibxlxv105jf0rr64j577pr4m-just-1.49.0"
        },
        "aarch64-linux": {
          "outputs": [
            {
              "name": "out",
              "path": "/nix/store/g3pd2f4889gj7ww75cnwhdmwhpirlwn0-just-1.49.0",
              "default": true
            },
            {
              "name": "man",
              "path": "/nix/store/xki5ypl7rn4z3rv4phc8p67jr0i7qjx4-just-1.49.0-man",
              "default": true
            },
            {
              "name": "doc",
              "path": "/nix/store/8frnfmjxfx5j6s6nm07f1gql65rnp4ca-just-1.49.0-doc"
            }
          ],
          "store_path": "/nix/store/g3pd2f4889gj7ww75cnwhdmwhpirlwn0-just-1.49.0"
        },
        "x86_64-darwin": {
          "outputs": [
            {
              "name": "out",
              "path": "/nix/store/3rq5pfm34isbxlh7ip39ynj5czf2fypi-just-1.49.0",
              "default": true
            },
            {
              "name": "man",
              "path": "/nix/store/n84l71d8z4kbcd8aw4ms9hvg8xsx1vz8-just-1.49.0-man",
              "default": true
            },
            {
              "name": "doc",
              "path": "/nix/store/g5393z3mjgv4cp41wzr295cssh8bc2d0-just-1.49.0-doc"
            }
          ],
          "store_path": "/nix/store/3rq5pfm34isbxlh7ip39ynj5czf2fypi-just-1.49.0"
        },
        "x86_64-linux": {
          "outputs": [
            {
              "name": "out",
              "path": "/nix/store/y07l22fq8wvg4wdf6anb0s6cljmsfs73-just-1.49.0",
              "default": true
            },
            {
              "name": "man",
              "path": "/nix/store/hrhxhkyhafrp0rkpcfr2qhvyl2y6fc2i-just-1.49.0-man",
              "default": true
            },
            {
              "name": "doc",
              "path": "/nix/store/npllcp9kp3m79hff6mzlbzpyys0z3jd7-just-1.49.0-doc"
            }
          ],
          "store_path": "/nix/store/y07l22fq8wvg4wdf6anb0s6cljmsfs73-just-1.49.0"
        }
      }
    },
    "nodejs@20": {
      "last_modified": "2026-03-27T11:17:38Z",
      "plugin_version": "0.0.2",
      "resolved": "github:NixOS/nixpkgs/832efc09b4caf6b4569fbf9dc01bec3082a00611#nodejs_20",
      "source": "devbox-search",
      "version": "20.20.2",
      "systems": {
        "aarch64-darwin": {
          "outputs": [
            {
              "name": "out",
              "path": "/nix/store/vamh3ysrfc0qz2mdhh6klyi5ngaffl0q-nodejs-20.20.2",
              "default": true
            }
          ],
          "store_path": "/nix/store/vamh3ysrfc0qz2mdhh6klyi5ngaffl0q-nodejs-20.20.2"
        },
        "aarch64-linux": {
          "outputs": [
            {
              "name": "out",
              "path": "/nix/store/b1i1izsybrhzifbrr84nbmw62fl07ia2-nodejs-20.20.2",
              "default": true
            }
          ],
          "store_path": "/nix/store/b1i1izsybrhzifbrr84nbmw62fl07ia2-nodejs-20.20.2"
        },
        "x86_64-darwin": {
          "outputs": [
            {
              "name": "out",
              "path": "/nix/store/yg5qivw8g8gxpc536kwc0fg73nviiv9l-nodejs-20.20.2",
              "default": true
            }
          ],
          "store_path": "/nix/store/yg5qivw8g8gxpc536kwc0fg73nviiv9l-nodejs-20.20.2"
        },
        "x86_64-linux": {
          "outputs": [
            {
              "name": "out",
              "path": "/nix/store/1gw2r0h59vr5dzcilhg1xvzjqgn84f8b-nodejs-20.20.2",
              "default": true
            }
          ],
          "store_path": "/nix/store/1gw2r0h59vr5dzcilhg1xvzjqgn84f8b-nodejs-20.20.2"
        }
      }
    }
  }
}
