{
  "lockfile_version": "1",
  "packages": {
    "github:NixOS/nixpkgs/nixpkgs-unstable": {
      "last_modified": "2026-01-02T14:39:32Z",
      "resolved": "github:NixOS/nixpkgs/16c7794d0a28b5a37904d55bcca36003b9109aaa?lastModified=1767364772&narHash=sha256-fFUnEYMla8b7UKjijLnMe%2BoVFOz6HjijGGNS1l7dYaQ%3D"
    },
    "just@latest": {
      "last_modified": "2026-04-06T08:39:25Z",
      "resolved": "github:NixOS/nixpkgs/83e29f2b8791f6dec20804382fcd9a666d744c07#just",
      "source": "devbox-search",
      "version": "1.49.0",
      "systems": {
        "aarch64-darwin": {
          "outputs": [
            {
              "name": "out",
              "path": "/nix/store/3ppl78czibxlxv105jf0rr64j577pr4m-just-1.49.0",
              "default": true
            },
            {
              "name": "man",
              "path": "/nix/store/ak601qc8jlqgry365b2qkxf6bwf9prk2-just-1.49.0-man",
              "default": true
            },
            {
              "name": "doc",
              "path": "/nix/store/85nkcgs1npazz9vv5py7fsmsd0pwi4fq-just-1.49.0-doc"
            }
          ],
          "store_path": "/nix/store/3ppl78czibxlxv105jf0rr64j577pr4m-just-1.49.0"
        },
        "aarch64-linux": {
          "outputs": [
            {
              "name": "out",
              "path": "/nix/store/g3pd2f4889gj7ww75cnwhdmwhpirlwn0-just-1.49.0",
              "default": true
            },
            {
              "name": "man",
              "path": "/nix/store/xki5ypl7rn4z3rv4phc8p67jr0i7qjx4-just-1.49.0-man",
              "default": true
            },
            {
              "name": "doc",
              "path": "/nix/store/8frnfmjxfx5j6s6nm07f1gql65rnp4ca-just-1.49.0-doc"
            }
          ],
          "store_path": "/nix/store/g3pd2f4889gj7ww75cnwhdmwhpirlwn0-just-1.49.0"
        },
        "x86_64-darwin": {
          "outputs": [
            {
              "name": "out",
              "path": "/nix/store/3rq5pfm34isbxlh7ip39ynj5czf2fypi-just-1.49.0",
              "default": true
            },
            {
              "name": "man",
              "path": "/nix/store/n84l71d8z4kbcd8aw4ms9hvg8xsx1vz8-just-1.49.0-man",
              "default": true
            },
            {
              "name": "doc",
              "path": "/nix/store/g5393z3mjgv4cp41wzr295cssh8bc2d0-just-1.49.0-doc"
            }
          ],
          "store_path": "/nix/store/3rq5pfm34isbxlh7ip39ynj5czf2fypi-just-1.49.0"
        },
        "x86_64-linux": {
          "outputs": [
            {
              "name": "out",
              "path": "/nix/store/y07l22fq8wvg4wdf6anb0s6cljmsfs73-just-1.49.0",
              "default": true
            },
            {
              "name": "man",
              "path": "/nix/store/hrhxhkyhafrp0rkpcfr2qhvyl2y6fc2i-just-1.49.0-man",
              "default": true
            },
            {
              "name": "doc",
              "path": "/nix/store/npllcp9kp3m79hff6mzlbzpyys0z3jd7-just-1.49.0-doc"
            }
          ],
          "store_path": "/nix/store/y07l22fq8wvg4wdf6anb0s6cljmsfs73-just-1.49.0"
        }
      }
    },
    "zig@0.15.2": {
      "last_modified": "2025-12-31T03:27:36Z",
      "resolved": "github:NixOS/nixpkgs/f665af0cdb70ed27e1bd8f9fdfecaf451260fc55#zig",
      "source": "devbox-search",
      "version": "0.15.2",
      "systems": {
        "aarch64-darwin": {
          "outputs": [
            {
              "name": "out",
              "path": "/nix/store/25brjshr934nir8lqc4ln8dkkamfh47c-zig-0.15.2",
              "default": true
            },
            {
              "name": "doc",
              "path": "/nix/store/9b8glc1ai9ngsap9rijbhwza06q8p31b-zig-0.15.2-doc"
            }
          ],
          "store_path": "/nix/store/25brjshr934nir8lqc4ln8dkkamfh47c-zig-0.15.2"
        },
        "aarch64-linux": {
          "outputs": [
            {
              "name": "out",
              "path": "/nix/store/xm69ln5lm3vgdws6n03zb12v8b7ljf07-zig-0.15.2",
              "default": true
            },
            {
              "name": "doc",
              "path": "/nix/store/g18kxrlss8c1l4n2mlq9yxma5bcfmgxk-zig-0.15.2-doc"
            }
          ],
          "store_path": "/nix/store/xm69ln5lm3vgdws6n03zb12v8b7ljf07-zig-0.15.2"
        },
        "x86_64-darwin": {
          "outputs": [
            {
              "name": "out",
              "path": "/nix/store/f93gbwjzmh91qky6rl0claa93n6szm0c-zig-0.15.2",
              "default": true
            },
            {
              "name": "doc",
              "path": "/nix/store/irfn2j7gz3i3iymfb7lljmaz2m9i17qk-zig-0.15.2-doc"
            }
          ],
          "store_path": "/nix/store/f93gbwjzmh91qky6rl0claa93n6szm0c-zig-0.15.2"
        },
        "x86_64-linux": {
          "outputs": [
            {
              "name": "out",
              "path": "/nix/store/jkfs8578bsdnaa0fm82k52kbm1j54i42-zig-0.15.2",
              "default": true
            },
            {
              "name": "doc",
              "path": "/nix/store/glwa8xiavmhng8b08faijwa3971ld3aa-zig-0.15.2-doc"
            }
          ],
          "store_path": "/nix/store/jkfs8578bsdnaa0fm82k52kbm1j54i42-zig-0.15.2"
        }
      }
    }
  }
}
